
Microsoft Visual Studio Solution File, Format Version 12.00
# Visual Studio Version 16
VisualStudioVersion = 16.0.29519.87
MinimumVisualStudioVersion = 10.0.40219.1
Project("{FAE04EC0-301F-11D3-BF4B-00C04F79EFBC}") = "Promodoro", "Promodoro\Promodoro.csproj", "{143838DD-0270-4A85-BB6D-C411E70D380D}"
EndProject
Global
	GlobalSection(SolutionConfigurationPlatforms) = preSolution
		Debug|Any CPU = Debug|Any CPU
		Release|Any CPU = Release|Any CPU
	EndGlobalSection
	GlobalSection(ProjectConfigurationPlatforms) = postSolution
		{143838DD-0270-4A85-BB6D-C411E70D380D}.Debug|Any CPU.ActiveCfg = Debug|Any CPU
		{143838DD-0270-4A85-BB6D-C411E70D380D}.Debug|Any CPU.Build.0 = Debug|Any CPU
		{143838DD-0270-4A85-BB6D-C411E70D380D}.Release|Any CPU.ActiveCfg = Release|Any CPU
		{143838DD-0270-4A85-BB6D-C411E70D380D}.Release|Any CPU.Build.0 = Release|Any CPU
	EndGlobalSection
	GlobalSection(SolutionProperties) = preSolution
		HideSolutionNode = FALSE
	EndGlobalSection
	GlobalSection(ExtensibilityGlobals) = postSolution
		SolutionGuid = {0CD4165F-4D19-40BA-8D11-0890277E7FED}
	EndGlobalSection
EndGlobal
