
Microsoft Visual Studio Solution File, Format Version 12.00
# Visual Studio Version 16
VisualStudioVersion = 16.0.29519.87
MinimumVisualStudioVersion = 10.0.40219.1
Project("{FAE04EC0-301F-11D3-BF4B-00C04F79EFBC}") = "Todo_db", "Todo_db\Todo_db.csproj", "{59C9B796-7C55-42CC-8F00-49F86DAEAF0C}"
EndProject
Global
	GlobalSection(SolutionConfigurationPlatforms) = preSolution
		Debug|Any CPU = Debug|Any CPU
		Release|Any CPU = Release|Any CPU
	EndGlobalSection
	GlobalSection(ProjectConfigurationPlatforms) = postSolution
		{59C9B796-7C55-42CC-8F00-49F86DAEAF0C}.Debug|Any CPU.ActiveCfg = Debug|Any CPU
		{59C9B796-7C55-42CC-8F00-49F86DAEAF0C}.Debug|Any CPU.Build.0 = Debug|Any CPU
		{59C9B796-7C55-42CC-8F00-49F86DAEAF0C}.Release|Any CPU.ActiveCfg = Release|Any CPU
		{59C9B796-7C55-42CC-8F00-49F86DAEAF0C}.Release|Any CPU.Build.0 = Release|Any CPU
	EndGlobalSection
	GlobalSection(SolutionProperties) = preSolution
		HideSolutionNode = FALSE
	EndGlobalSection
	GlobalSection(ExtensibilityGlobals) = postSolution
		SolutionGuid = {59277374-10F4-4BE3-9CB8-D6FAB1470E35}
	EndGlobalSection
EndGlobal
